
Microsoft Visual Studio Solution File, Format Version 12.00
# Visual Studio Version 17
VisualStudioVersion = 17.5.33530.505
MinimumVisualStudioVersion = 10.0.40219.1
Project("{FAE04EC0-301F-11D3-BF4B-00C04F79EFBC}") = "MianForms", "MianForms\MianForms.csproj", "{BEF0E3A5-DB13-4FA8-83DE-16098FB57767}"
EndProject
Global
	GlobalSection(SolutionConfigurationPlatforms) = preSolution
		Debug|Any CPU = Debug|Any CPU
		Release|Any CPU = Release|Any CPU
	EndGlobalSection
	GlobalSection(ProjectConfigurationPlatforms) = postSolution
		{BEF0E3A5-DB13-4FA8-83DE-16098FB57767}.Debug|Any CPU.ActiveCfg = Debug|Any CPU
		{BEF0E3A5-DB13-4FA8-83DE-16098FB57767}.Debug|Any CPU.Build.0 = Debug|Any CPU
		{BEF0E3A5-DB13-4FA8-83DE-16098FB57767}.Release|Any CPU.ActiveCfg = Release|Any CPU
		{BEF0E3A5-DB13-4FA8-83DE-16098FB57767}.Release|Any CPU.Build.0 = Release|Any CPU
	EndGlobalSection
	GlobalSection(SolutionProperties) = preSolution
		HideSolutionNode = FALSE
	EndGlobalSection
	GlobalSection(ExtensibilityGlobals) = postSolution
		SolutionGuid = {994EB011-B618-49BE-8E72-E5F5F212546F}
	EndGlobalSection
EndGlobal
